
Microsoft Visual Studio Solution File, Format Version 12.00
# Visual Studio Version 16
VisualStudioVersion = 16.0.29509.3
MinimumVisualStudioVersion = 10.0.40219.1
Project("{8BC9CEB8-8B4A-11D0-8D11-00A0C91BC942}") = "PSU-ALPHA", "PSU-ALPHA\PSU-ALPHA.vcxproj", "{4D312E7A-2F28-411E-9232-97467E6D54E6}"
EndProject
Project("{8BC9CEB8-8B4A-11D0-8D11-00A0C91BC942}") = "PSULibMaths", "PSULibMaths\PSULibMaths.vcxitems", "{F14A751F-2A3B-46F9-8341-A3277AE83E29}"
EndProject
Project("{8BC9CEB8-8B4A-11D0-8D11-00A0C91BC942}") = "PSULibAlgorithms", "PSULibAlgorithms\PSULibAlgorithms.vcxitems", "{E1B09BCF-7AB9-41B5-9F55-22ECD42BEBFE}"
EndProject
Project("{8BC9CEB8-8B4A-11D0-8D11-00A0C91BC942}") = "PSULibProteins", "PSULibProteins\PSULibProteins.vcxitems", "{BD4D8915-EE81-4EFA-A220-E5D604CC2C92}"
EndProject
Project("{8BC9CEB8-8B4A-11D0-8D11-00A0C91BC942}") = "PSULibReports", "PSULibReports\PSULibReports.vcxitems", "{099C5818-8F67-483C-8FCA-590C50F70BC4}"
EndProject
Project("{8BC9CEB8-8B4A-11D0-8D11-00A0C91BC942}") = "PSULibManagers", "PSULibManagers\PSULibManagers.vcxitems", "{37002173-9797-454C-92DE-005680D3C501}"
EndProject
Project("{8BC9CEB8-8B4A-11D0-8D11-00A0C91BC942}") = "PSULibHelpers", "PSULibHelpers\PSULibHelpers.vcxitems", "{73EC3EC4-52B5-4D17-B623-27BA5154E908}"
EndProject
Project("{8BC9CEB8-8B4A-11D0-8D11-00A0C91BC942}") = "BTLLib", "BTLLib\BTLLib.vcxitems", "{568648AA-2549-4936-96FF-4639C4285340}"
EndProject
Project("{8BC9CEB8-8B4A-11D0-8D11-00A0C91BC942}") = "MSC-HighResList", "MSC-HighResList\MSC-HighResList.vcxproj", "{1E7C0800-B3BB-4A3E-874B-850DD0E5EBD6}"
EndProject
Project("{8BC9CEB8-8B4A-11D0-8D11-00A0C91BC942}") = "MSC-AnnotateHighResList", "MSC-AnnotateHighResList\MSC-AnnotateHighResList.vcxproj", "{1D465BAA-4076-4730-BA1D-9080B5BB848D}"
EndProject
Global
	GlobalSection(SharedMSBuildProjectFiles) = preSolution
		PSULibReports\PSULibReports.vcxitems*{099c5818-8f67-483c-8fca-590c50f70bc4}*SharedItemsImports = 9
		PSULibHelpers\PSULibHelpers.vcxitems*{1d465baa-4076-4730-ba1d-9080b5bb848d}*SharedItemsImports = 4
		PSULibManagers\PSULibManagers.vcxitems*{1d465baa-4076-4730-ba1d-9080b5bb848d}*SharedItemsImports = 4
		PSULibMaths\PSULibMaths.vcxitems*{1d465baa-4076-4730-ba1d-9080b5bb848d}*SharedItemsImports = 4
		PSULibProteins\PSULibProteins.vcxitems*{1d465baa-4076-4730-ba1d-9080b5bb848d}*SharedItemsImports = 4
		PSULibHelpers\PSULibHelpers.vcxitems*{1e7c0800-b3bb-4a3e-874b-850dd0e5ebd6}*SharedItemsImports = 4
		PSULibManagers\PSULibManagers.vcxitems*{1e7c0800-b3bb-4a3e-874b-850dd0e5ebd6}*SharedItemsImports = 4
		PSULibMaths\PSULibMaths.vcxitems*{1e7c0800-b3bb-4a3e-874b-850dd0e5ebd6}*SharedItemsImports = 4
		PSULibProteins\PSULibProteins.vcxitems*{1e7c0800-b3bb-4a3e-874b-850dd0e5ebd6}*SharedItemsImports = 4
		PSULibManagers\PSULibManagers.vcxitems*{37002173-9797-454c-92de-005680d3c501}*SharedItemsImports = 9
		BTLLib\BTLLib.vcxitems*{4d312e7a-2f28-411e-9232-97467e6d54e6}*SharedItemsImports = 4
		PSULibAlgorithms\PSULibAlgorithms.vcxitems*{4d312e7a-2f28-411e-9232-97467e6d54e6}*SharedItemsImports = 4
		PSULibHelpers\PSULibHelpers.vcxitems*{4d312e7a-2f28-411e-9232-97467e6d54e6}*SharedItemsImports = 4
		PSULibManagers\PSULibManagers.vcxitems*{4d312e7a-2f28-411e-9232-97467e6d54e6}*SharedItemsImports = 4
		PSULibMaths\PSULibMaths.vcxitems*{4d312e7a-2f28-411e-9232-97467e6d54e6}*SharedItemsImports = 4
		PSULibProteins\PSULibProteins.vcxitems*{4d312e7a-2f28-411e-9232-97467e6d54e6}*SharedItemsImports = 4
		PSULibReports\PSULibReports.vcxitems*{4d312e7a-2f28-411e-9232-97467e6d54e6}*SharedItemsImports = 4
		BTLLib\BTLLib.vcxitems*{568648aa-2549-4936-96ff-4639c4285340}*SharedItemsImports = 9
		PSULibHelpers\PSULibHelpers.vcxitems*{73ec3ec4-52b5-4d17-b623-27ba5154e908}*SharedItemsImports = 9
		PSULibProteins\PSULibProteins.vcxitems*{bd4d8915-ee81-4efa-a220-e5d604cc2c92}*SharedItemsImports = 9
		PSULibAlgorithms\PSULibAlgorithms.vcxitems*{e1b09bcf-7ab9-41b5-9f55-22ecd42bebfe}*SharedItemsImports = 9
		PSULibMaths\PSULibMaths.vcxitems*{f14a751f-2a3b-46f9-8341-a3277ae83e29}*SharedItemsImports = 9
	EndGlobalSection
	GlobalSection(SolutionConfigurationPlatforms) = preSolution
		Debug|x64 = Debug|x64
		Debug|x86 = Debug|x86
		Release|x64 = Release|x64
		Release|x86 = Release|x86
	EndGlobalSection
	GlobalSection(ProjectConfigurationPlatforms) = postSolution
		{4D312E7A-2F28-411E-9232-97467E6D54E6}.Debug|x64.ActiveCfg = Debug|x64
		{4D312E7A-2F28-411E-9232-97467E6D54E6}.Debug|x64.Build.0 = Debug|x64
		{4D312E7A-2F28-411E-9232-97467E6D54E6}.Debug|x86.ActiveCfg = Debug|Win32
		{4D312E7A-2F28-411E-9232-97467E6D54E6}.Debug|x86.Build.0 = Debug|Win32
		{4D312E7A-2F28-411E-9232-97467E6D54E6}.Release|x64.ActiveCfg = Release|x64
		{4D312E7A-2F28-411E-9232-97467E6D54E6}.Release|x64.Build.0 = Release|x64
		{4D312E7A-2F28-411E-9232-97467E6D54E6}.Release|x86.ActiveCfg = Release|Win32
		{4D312E7A-2F28-411E-9232-97467E6D54E6}.Release|x86.Build.0 = Release|Win32
		{1E7C0800-B3BB-4A3E-874B-850DD0E5EBD6}.Debug|x64.ActiveCfg = Debug|x64
		{1E7C0800-B3BB-4A3E-874B-850DD0E5EBD6}.Debug|x64.Build.0 = Debug|x64
		{1E7C0800-B3BB-4A3E-874B-850DD0E5EBD6}.Debug|x86.ActiveCfg = Debug|Win32
		{1E7C0800-B3BB-4A3E-874B-850DD0E5EBD6}.Debug|x86.Build.0 = Debug|Win32
		{1E7C0800-B3BB-4A3E-874B-850DD0E5EBD6}.Release|x64.ActiveCfg = Release|x64
		{1E7C0800-B3BB-4A3E-874B-850DD0E5EBD6}.Release|x64.Build.0 = Release|x64
		{1E7C0800-B3BB-4A3E-874B-850DD0E5EBD6}.Release|x86.ActiveCfg = Release|Win32
		{1E7C0800-B3BB-4A3E-874B-850DD0E5EBD6}.Release|x86.Build.0 = Release|Win32
		{1D465BAA-4076-4730-BA1D-9080B5BB848D}.Debug|x64.ActiveCfg = Debug|x64
		{1D465BAA-4076-4730-BA1D-9080B5BB848D}.Debug|x64.Build.0 = Debug|x64
		{1D465BAA-4076-4730-BA1D-9080B5BB848D}.Debug|x86.ActiveCfg = Debug|Win32
		{1D465BAA-4076-4730-BA1D-9080B5BB848D}.Debug|x86.Build.0 = Debug|Win32
		{1D465BAA-4076-4730-BA1D-9080B5BB848D}.Release|x64.ActiveCfg = Release|x64
		{1D465BAA-4076-4730-BA1D-9080B5BB848D}.Release|x64.Build.0 = Release|x64
		{1D465BAA-4076-4730-BA1D-9080B5BB848D}.Release|x86.ActiveCfg = Release|Win32
		{1D465BAA-4076-4730-BA1D-9080B5BB848D}.Release|x86.Build.0 = Release|Win32
	EndGlobalSection
	GlobalSection(SolutionProperties) = preSolution
		HideSolutionNode = FALSE
	EndGlobalSection
	GlobalSection(ExtensibilityGlobals) = postSolution
		SolutionGuid = {27290D67-9BC2-4B75-B60E-9633DE7F673C}
	EndGlobalSection
EndGlobal
